<?xml version="1.0" encoding="utf-8"?>
<Project ToolsVersion="4.0" xmlns="http://schemas.microsoft.com/developer/msbuild/2003">
  <ItemGroup>
    <Filter Include="Source Files">
      <UniqueIdentifier>{4FC737F1-C7A5-4376-A066-2A32D752A2FF}</UniqueIdentifier>
      <Extensions>cpp;c;cc;cxx;c++;cppm;ixx;def;odl;idl;hpj;bat;asm;asmx</Extensions>
    </Filter>
    <Filter Include="Header Files">
      <UniqueIdentifier>{93995380-89BD-4b04-88EB-625FBE52EBFB}</UniqueIdentifier>
      <Extensions>h;hh;hpp;hxx;h++;hm;inl;inc;ipp;xsd</Extensions>
    </Filter>
    <Filter Include="Resource Files">
      <UniqueIdentifier>{67DA6AB6-F800-4c08-8B7A-83BB121AAD01}</UniqueIdentifier>
      <Extensions>rc;ico;cur;bmp;dlg;rc2;rct;bin;rgs;gif;jpg;jpeg;jpe;resx;tiff;tif;png;wav;mfcribbon-ms</Extensions>
    </Filter>
    <Filter Include="Source Files\imgui">
      <UniqueIdentifier>{b8db4498-777f-4cc5-886d-dac0aa5754be}</UniqueIdentifier>
    </Filter>
  </ItemGroup>
  <ItemGroup>
    <ClCompile Include="MeshTool.cpp">
      <Filter>Source Files</Filter>
    </ClCompile>
    <ClCompile Include="src\files\FileReader.cpp">
      <Filter>Source Files</Filter>
    </ClCompile>
    <ClCompile Include="src\parser\GeometryObjectParser.cpp">
      <Filter>Source Files</Filter>
    </ClCompile>
    <ClCompile Include="src\models\factories\MeshFactory.cpp">
      <Filter>Source Files</Filter>
    </ClCompile>
    <ClCompile Include="src\analyser\MeshStatistics.cpp">
      <Filter>Source Files</Filter>
    </ClCompile>
    <ClCompile Include="src\graphics\Graphics.cpp">
      <Filter>Source Files</Filter>
    </ClCompile>
    <ClCompile Include="src\graphics\Window.cpp">
      <Filter>Source Files</Filter>
    </ClCompile>
    <ClCompile Include="lib\glad.c">
      <Filter>Source Files</Filter>
    </ClCompile>
    <ClCompile Include="src\graphics\opengl\vbo\VertexBufferObject.cpp">
      <Filter>Source Files</Filter>
    </ClCompile>
    <ClCompile Include="src\graphics\opengl\vao\VertexArrayObject.cpp">
      <Filter>Source Files</Filter>
    </ClCompile>
    <ClCompile Include="src\graphics\opengl\shader\ShaderProgram.cpp">
      <Filter>Source Files</Filter>
    </ClCompile>
    <ClCompile Include="src\graphics\opengl\ebo\ElementBufferObject.cpp">
      <Filter>Source Files</Filter>
    </ClCompile>
    <ClCompile Include="src\graphics\opengl\shader\ShaderLoader.cpp">
      <Filter>Source Files</Filter>
    </ClCompile>
    <ClCompile Include="src\graphics\KeyboardInput.cpp">
      <Filter>Source Files</Filter>
    </ClCompile>
    <ClCompile Include="src\graphics\camera\Camera.cpp">
      <Filter>Source Files</Filter>
    </ClCompile>
    <ClCompile Include="src\graphics\camera\FPSCamera.cpp">
      <Filter>Source Files</Filter>
    </ClCompile>
    <ClCompile Include="lib\imgui\imgui_tables.cpp">
      <Filter>Source Files\imgui</Filter>
    </ClCompile>
    <ClCompile Include="lib\imgui\imgui_widgets.cpp">
      <Filter>Source Files\imgui</Filter>
    </ClCompile>
    <ClCompile Include="lib\imgui\imgui.cpp">
      <Filter>Source Files\imgui</Filter>
    </ClCompile>
    <ClCompile Include="lib\imgui\imgui_draw.cpp">
      <Filter>Source Files\imgui</Filter>
    </ClCompile>
    <ClCompile Include="lib\imgui\imgui_impl_glfw.cpp">
      <Filter>Source Files\imgui</Filter>
    </ClCompile>
    <ClCompile Include="lib\imgui\imgui_impl_opengl3.cpp">
      <Filter>Source Files\imgui</Filter>
    </ClCompile>
    <ClCompile Include="lib\imgui\imgui_demo.cpp">
      <Filter>Source Files\imgui</Filter>
    </ClCompile>
    <ClCompile Include="src\viewer\GPUBufferLoader.cpp">
      <Filter>Source Files</Filter>
    </ClCompile>
  </ItemGroup>
  <ItemGroup>
    <None Include="..\README.md" />
    <None Include="src\graphics\shaders\fragment_shader.glsl" />
    <None Include="src\graphics\shaders\vertex_shader.glsl" />
  </ItemGroup>
  <ItemGroup>
    <ClInclude Include="src\models\GeometryObject.h">
      <Filter>Header Files</Filter>
    </ClInclude>
    <ClInclude Include="src\models\Triangle.h">
      <Filter>Header Files</Filter>
    </ClInclude>
    <ClInclude Include="src\files\FileReader.h">
      <Filter>Header Files</Filter>
    </ClInclude>
    <ClInclude Include="src\parser\GeometryObjectParser.h">
      <Filter>Header Files</Filter>
    </ClInclude>
    <ClInclude Include="src\models\TypeDefs.h">
      <Filter>Header Files</Filter>
    </ClInclude>
    <ClInclude Include="src\models\Mesh.h">
      <Filter>Header Files</Filter>
    </ClInclude>
    <ClInclude Include="src\models\factories\MeshFactory.h">
      <Filter>Header Files</Filter>
    </ClInclude>
    <ClInclude Include="src\utils\MathUtils.h">
      <Filter>Header Files</Filter>
    </ClInclude>
    <ClInclude Include="src\models\Vertex.h">
      <Filter>Header Files</Filter>
    </ClInclude>
    <ClInclude Include="src\analyser\MeshStatistics.h">
      <Filter>Header Files</Filter>
    </ClInclude>
    <ClInclude Include="src\graphics\Graphics.h">
      <Filter>Header Files</Filter>
    </ClInclude>
    <ClInclude Include="src\graphics\Window.h">
      <Filter>Header Files</Filter>
    </ClInclude>
    <ClInclude Include="src\graphics\opengl\vbo\VertexBufferObject.h">
      <Filter>Header Files</Filter>
    </ClInclude>
    <ClInclude Include="src\graphics\opengl\vao\VertexArrayObject.h">
      <Filter>Header Files</Filter>
    </ClInclude>
    <ClInclude Include="src\graphics\opengl\shader\ShaderProgram.h">
      <Filter>Header Files</Filter>
    </ClInclude>
    <ClInclude Include="src\graphics\opengl\ebo\ElementBufferObject.h">
      <Filter>Header Files</Filter>
    </ClInclude>
    <ClInclude Include="src\graphics\opengl\shader\ShaderLoader.h">
      <Filter>Header Files</Filter>
    </ClInclude>
    <ClInclude Include="src\graphics\KeyboardInput.h">
      <Filter>Header Files</Filter>
    </ClInclude>
    <ClInclude Include="src\graphics\camera\Camera.h">
      <Filter>Header Files</Filter>
    </ClInclude>
    <ClInclude Include="src\graphics\camera\FPSCamera.h">
      <Filter>Header Files</Filter>
    </ClInclude>
    <ClInclude Include="src\viewer\GPUBufferLoader.h">
      <Filter>Header Files</Filter>
    </ClInclude>
  </ItemGroup>
</Project>